// !$*UTF8*$!
{
	archiveVersion = 1;
	classes = {
	};
	objectVersion = 50;
	objects = {

/* Begin PBXBuildFile section */
		8446524D25597A95008F462D /* TravelAppApp.swift in Sources */ = {isa = PBXBuildFile; fileRef = 8446524C25597A95008F462D /* TravelAppApp.swift */; };
		8446524F25597A95008F462D /* ContentView.swift in Sources */ = {isa = PBXBuildFile; fileRef = 8446524E25597A95008F462D /* ContentView.swift */; };
		8446525125597A98008F462D /* Assets.xcassets in Resources */ = {isa = PBXBuildFile; fileRef = 8446525025597A98008F462D /* Assets.xcassets */; };
		8446525425597A98008F462D /* Preview Assets.xcassets in Resources */ = {isa = PBXBuildFile; fileRef = 8446525325597A98008F462D /* Preview Assets.xcassets */; };
		84A3C8BA256EA4060066C403 /* PagerView.swift in Sources */ = {isa = PBXBuildFile; fileRef = 84A3C8B9256EA4060066C403 /* PagerView.swift */; };
		84A3C8BD256EA4220066C403 /* PlaceCardView.swift in Sources */ = {isa = PBXBuildFile; fileRef = 84A3C8BC256EA4220066C403 /* PlaceCardView.swift */; };
		84A3C8C0256EA43D0066C403 /* MapMarker.swift in Sources */ = {isa = PBXBuildFile; fileRef = 84A3C8BF256EA43D0066C403 /* MapMarker.swift */; };
		84A3C8C3256EA4570066C403 /* PlaceFinder.swift in Sources */ = {isa = PBXBuildFile; fileRef = 84A3C8C2256EA4570066C403 /* PlaceFinder.swift */; };
		84A3C8C6256EA4770066C403 /* Data.swift in Sources */ = {isa = PBXBuildFile; fileRef = 84A3C8C5256EA4770066C403 /* Data.swift */; };
		84A3C8C9256EA49B0066C403 /* Place.swift in Sources */ = {isa = PBXBuildFile; fileRef = 84A3C8C8256EA49B0066C403 /* Place.swift */; };
		84A3C8CC256EA4B80066C403 /* Activity.swift in Sources */ = {isa = PBXBuildFile; fileRef = 84A3C8CB256EA4B80066C403 /* Activity.swift */; };
		84A3C8CF256EAE390066C403 /* PlaceDetailView.swift in Sources */ = {isa = PBXBuildFile; fileRef = 84A3C8CE256EAE390066C403 /* PlaceDetailView.swift */; };
		84A3C8D2256EAE560066C403 /* TopNavigationView.swift in Sources */ = {isa = PBXBuildFile; fileRef = 84A3C8D1256EAE560066C403 /* TopNavigationView.swift */; };
		84A3C8D5256EAE680066C403 /* FlightView.swift in Sources */ = {isa = PBXBuildFile; fileRef = 84A3C8D4256EAE680066C403 /* FlightView.swift */; };
		84A3C8D8256EAE880066C403 /* ActivityView.swift in Sources */ = {isa = PBXBuildFile; fileRef = 84A3C8D7256EAE880066C403 /* ActivityView.swift */; };
		84A3C8DB256EAEA20066C403 /* InfoItemView.swift in Sources */ = {isa = PBXBuildFile; fileRef = 84A3C8DA256EAEA20066C403 /* InfoItemView.swift */; };
/* End PBXBuildFile section */

/* Begin PBXFileReference section */
		8446524925597A95008F462D /* TravelApp.app */ = {isa = PBXFileReference; explicitFileType = wrapper.application; includeInIndex = 0; path = TravelApp.app; sourceTree = BUILT_PRODUCTS_DIR; };
		8446524C25597A95008F462D /* TravelAppApp.swift */ = {isa = PBXFileReference; lastKnownFileType = sourcecode.swift; path = TravelAppApp.swift; sourceTree = "<group>"; };
		8446524E25597A95008F462D /* ContentView.swift */ = {isa = PBXFileReference; lastKnownFileType = sourcecode.swift; path = ContentView.swift; sourceTree = "<group>"; };
		8446525025597A98008F462D /* Assets.xcassets */ = {isa = PBXFileReference; lastKnownFileType = folder.assetcatalog; path = Assets.xcassets; sourceTree = "<group>"; };
		8446525325597A98008F462D /* Preview Assets.xcassets */ = {isa = PBXFileReference; lastKnownFileType = folder.assetcatalog; path = "Preview Assets.xcassets"; sourceTree = "<group>"; };
		8446525525597A98008F462D /* Info.plist */ = {isa = PBXFileReference; lastKnownFileType = text.plist.xml; path = Info.plist; sourceTree = "<group>"; };
		84A3C8B9256EA4060066C403 /* PagerView.swift */ = {isa = PBXFileReference; lastKnownFileType = sourcecode.swift; path = PagerView.swift; sourceTree = "<group>"; };
		84A3C8BC256EA4220066C403 /* PlaceCardView.swift */ = {isa = PBXFileReference; lastKnownFileType = sourcecode.swift; path = PlaceCardView.swift; sourceTree = "<group>"; };
		84A3C8BF256EA43D0066C403 /* MapMarker.swift */ = {isa = PBXFileReference; lastKnownFileType = sourcecode.swift; path = MapMarker.swift; sourceTree = "<group>"; };
		84A3C8C2256EA4570066C403 /* PlaceFinder.swift */ = {isa = PBXFileReference; lastKnownFileType = sourcecode.swift; path = PlaceFinder.swift; sourceTree = "<group>"; };
		84A3C8C5256EA4770066C403 /* Data.swift */ = {isa = PBXFileReference; lastKnownFileType = sourcecode.swift; path = Data.swift; sourceTree = "<group>"; };
		84A3C8C8256EA49B0066C403 /* Place.swift */ = {isa = PBXFileReference; lastKnownFileType = sourcecode.swift; path = Place.swift; sourceTree = "<group>"; };
		84A3C8CB256EA4B80066C403 /* Activity.swift */ = {isa = PBXFileReference; lastKnownFileType = sourcecode.swift; path = Activity.swift; sourceTree = "<group>"; };
		84A3C8CE256EAE390066C403 /* PlaceDetailView.swift */ = {isa = PBXFileReference; lastKnownFileType = sourcecode.swift; path = PlaceDetailView.swift; sourceTree = "<group>"; };
		84A3C8D1256EAE560066C403 /* TopNavigationView.swift */ = {isa = PBXFileReference; lastKnownFileType = sourcecode.swift; path = TopNavigationView.swift; sourceTree = "<group>"; };
		84A3C8D4256EAE680066C403 /* FlightView.swift */ = {isa = PBXFileReference; lastKnownFileType = sourcecode.swift; path = FlightView.swift; sourceTree = "<group>"; };
		84A3C8D7256EAE880066C403 /* ActivityView.swift */ = {isa = PBXFileReference; lastKnownFileType = sourcecode.swift; path = ActivityView.swift; sourceTree = "<group>"; };
		84A3C8DA256EAEA20066C403 /* InfoItemView.swift */ = {isa = PBXFileReference; lastKnownFileType = sourcecode.swift; path = InfoItemView.swift; sourceTree = "<group>"; };
/* End PBXFileReference section */

/* Begin PBXFrameworksBuildPhase section */
		8446524625597A95008F462D /* Frameworks */ = {
			isa = PBXFrameworksBuildPhase;
			buildActionMask = 2147483647;
			files = (
			);
			runOnlyForDeploymentPostprocessing = 0;
		};
/* End PBXFrameworksBuildPhase section */

/* Begin PBXGroup section */
		8446524025597A95008F462D = {
			isa = PBXGroup;
			children = (
				8446524B25597A95008F462D /* TravelApp */,
				8446524A25597A95008F462D /* Products */,
			);
			sourceTree = "<group>";
		};
		8446524A25597A95008F462D /* Products */ = {
			isa = PBXGroup;
			children = (
				8446524925597A95008F462D /* TravelApp.app */,
			);
			name = Products;
			sourceTree = "<group>";
		};
		8446524B25597A95008F462D /* TravelApp */ = {
			isa = PBXGroup;
			children = (
				8446524C25597A95008F462D /* TravelAppApp.swift */,
				84A3C8DD256EAEBE0066C403 /* Detail */,
				84A3C8DF256EAECA0066C403 /* Model */,
				84A3C8E1256EAED30066C403 /* Data */,
				84A3C8E3256EAEDA0066C403 /* ViewModel */,
				84A3C8E5256EAEEA0066C403 /* Places */,
				8446525025597A98008F462D /* Assets.xcassets */,
				8446525525597A98008F462D /* Info.plist */,
				8446525225597A98008F462D /* Preview Content */,
			);
			path = TravelApp;
			sourceTree = "<group>";
		};
		8446525225597A98008F462D /* Preview Content */ = {
			isa = PBXGroup;
			children = (
				8446525325597A98008F462D /* Preview Assets.xcassets */,
			);
			path = "Preview Content";
			sourceTree = "<group>";
		};
		84A3C8DD256EAEBE0066C403 /* Detail */ = {
			isa = PBXGroup;
			children = (
				84A3C8DA256EAEA20066C403 /* InfoItemView.swift */,
				84A3C8D7256EAE880066C403 /* ActivityView.swift */,
				84A3C8D4256EAE680066C403 /* FlightView.swift */,
				84A3C8D1256EAE560066C403 /* TopNavigationView.swift */,
				84A3C8CE256EAE390066C403 /* PlaceDetailView.swift */,
			);
			path = Detail;
			sourceTree = "<group>";
		};
		84A3C8DF256EAECA0066C403 /* Model */ = {
			isa = PBXGroup;
			children = (
				84A3C8CB256EA4B80066C403 /* Activity.swift */,
				84A3C8C8256EA49B0066C403 /* Place.swift */,
			);
			path = Model;
			sourceTree = "<group>";
		};
		84A3C8E1256EAED30066C403 /* Data */ = {
			isa = PBXGroup;
			children = (
				84A3C8C5256EA4770066C403 /* Data.swift */,
			);
			path = Data;
			sourceTree = "<group>";
		};
		84A3C8E3256EAEDA0066C403 /* ViewModel */ = {
			isa = PBXGroup;
			children = (
				84A3C8C2256EA4570066C403 /* PlaceFinder.swift */,
			);
			path = ViewModel;
			sourceTree = "<group>";
		};
		84A3C8E5256EAEEA0066C403 /* Places */ = {
			isa = PBXGroup;
			children = (
				8446524E25597A95008F462D /* ContentView.swift */,
				84A3C8BF256EA43D0066C403 /* MapMarker.swift */,
				84A3C8BC256EA4220066C403 /* PlaceCardView.swift */,
				84A3C8B9256EA4060066C403 /* PagerView.swift */,
			);
			path = Places;
			sourceTree = "<group>";
		};
/* End PBXGroup section */

/* Begin PBXNativeTarget section */
		8446524825597A95008F462D /* TravelApp */ = {
			isa = PBXNativeTarget;
			buildConfigurationList = 8446525825597A98008F462D /* Build configuration list for PBXNativeTarget "TravelApp" */;
			buildPhases = (
				8446524525597A95008F462D /* Sources */,
				8446524625597A95008F462D /* Frameworks */,
				8446524725597A95008F462D /* Resources */,
			);
			buildRules = (
			);
			dependencies = (
			);
			name = TravelApp;
			productName = TravelApp;
			productReference = 8446524925597A95008F462D /* TravelApp.app */;
			productType = "com.apple.product-type.application";
		};
/* End PBXNativeTarget section */

/* Begin PBXProject section */
		8446524125597A95008F462D /* Project object */ = {
			isa = PBXProject;
			attributes = {
				LastSwiftUpdateCheck = 1200;
				LastUpgradeCheck = 1200;
				TargetAttributes = {
					8446524825597A95008F462D = {
						CreatedOnToolsVersion = 12.0.1;
					};
				};
			};
			buildConfigurationList = 8446524425597A95008F462D /* Build configuration list for PBXProject "TravelApp" */;
			compatibilityVersion = "Xcode 9.3";
			developmentRegion = en;
			hasScannedForEncodings = 0;
			knownRegions = (
				en,
				Base,
			);
			mainGroup = 8446524025597A95008F462D;
			productRefGroup = 8446524A25597A95008F462D /* Products */;
			projectDirPath = "";
			projectRoot = "";
			targets = (
				8446524825597A95008F462D /* TravelApp */,
			);
		};
/* End PBXProject section */

/* Begin PBXResourcesBuildPhase section */
		8446524725597A95008F462D /* Resources */ = {
			isa = PBXResourcesBuildPhase;
			buildActionMask = 2147483647;
			files = (
				8446525425597A98008F462D /* Preview Assets.xcassets in Resources */,
				8446525125597A98008F462D /* Assets.xcassets in Resources */,
			);
			runOnlyForDeploymentPostprocessing = 0;
		};
/* End PBXResourcesBuildPhase section */

/* Begin PBXSourcesBuildPhase section */
		8446524525597A95008F462D /* Sources */ = {
			isa = PBXSourcesBuildPhase;
			buildActionMask = 2147483647;
			files = (
				84A3C8C6256EA4770066C403 /* Data.swift in Sources */,
				84A3C8C0256EA43D0066C403 /* MapMarker.swift in Sources */,
				84A3C8D8256EAE880066C403 /* ActivityView.swift in Sources */,
				84A3C8C3256EA4570066C403 /* PlaceFinder.swift in Sources */,
				84A3C8D2256EAE560066C403 /* TopNavigationView.swift in Sources */,
				84A3C8DB256EAEA20066C403 /* InfoItemView.swift in Sources */,
				84A3C8D5256EAE680066C403 /* FlightView.swift in Sources */,
				84A3C8C9256EA49B0066C403 /* Place.swift in Sources */,
				84A3C8BD256EA4220066C403 /* PlaceCardView.swift in Sources */,
				84A3C8CF256EAE390066C403 /* PlaceDetailView.swift in Sources */,
				8446524F25597A95008F462D /* ContentView.swift in Sources */,
				84A3C8CC256EA4B80066C403 /* Activity.swift in Sources */,
				84A3C8BA256EA4060066C403 /* PagerView.swift in Sources */,
				8446524D25597A95008F462D /* TravelAppApp.swift in Sources */,
			);
			runOnlyForDeploymentPostprocessing = 0;
		};
/* End PBXSourcesBuildPhase section */

/* Begin XCBuildConfiguration section */
		8446525625597A98008F462D /* Debug */ = {
			isa = XCBuildConfiguration;
			buildSettings = {
				ALWAYS_SEARCH_USER_PATHS = NO;
				CLANG_ANALYZER_NONNULL = YES;
				CLANG_ANALYZER_NUMBER_OBJECT_CONVERSION = YES_AGGRESSIVE;
				CLANG_CXX_LANGUAGE_STANDARD = "gnu++14";
				CLANG_CXX_LIBRARY = "libc++";
				CLANG_ENABLE_MODULES = YES;
				CLANG_ENABLE_OBJC_ARC = YES;
				CLANG_ENABLE_OBJC_WEAK = YES;
				CLANG_WARN_BLOCK_CAPTURE_AUTORELEASING = YES;
				CLANG_WARN_BOOL_CONVERSION = YES;
				CLANG_WARN_COMMA = YES;
				CLANG_WARN_CONSTANT_CONVERSION = YES;
				CLANG_WARN_DEPRECATED_OBJC_IMPLEMENTATIONS = YES;
				CLANG_WARN_DIRECT_OBJC_ISA_USAGE = YES_ERROR;
				CLANG_WARN_DOCUMENTATION_COMMENTS = YES;
				CLANG_WARN_EMPTY_BODY = YES;
				CLANG_WARN_ENUM_CONVERSION = YES;
				CLANG_WARN_INFINITE_RECURSION = YES;
				CLANG_WARN_INT_CONVERSION = YES;
				CLANG_WARN_NON_LITERAL_NULL_CONVERSION = YES;
				CLANG_WARN_OBJC_IMPLICIT_RETAIN_SELF = YES;
				CLANG_WARN_OBJC_LITERAL_CONVERSION = YES;
				CLANG_WARN_OBJC_ROOT_CLASS = YES_ERROR;
				CLANG_WARN_QUOTED_INCLUDE_IN_FRAMEWORK_HEADER = YES;
				CLANG_WARN_RANGE_LOOP_ANALYSIS = YES;
				CLANG_WARN_STRICT_PROTOTYPES = YES;
				CLANG_WARN_SUSPICIOUS_MOVE = YES;
				CLANG_WARN_UNGUARDED_AVAILABILITY = YES_AGGRESSIVE;
				CLANG_WARN_UNREACHABLE_CODE = YES;
				CLANG_WARN__DUPLICATE_METHOD_MATCH = YES;
				COPY_PHASE_STRIP = NO;
				DEBUG_INFORMATION_FORMAT = dwarf;
				ENABLE_STRICT_OBJC_MSGSEND = YES;
				ENABLE_TESTABILITY = YES;
				GCC_C_LANGUAGE_STANDARD = gnu11;
				GCC_DYNAMIC_NO_PIC = NO;
				GCC_NO_COMMON_BLOCKS = YES;
				GCC_OPTIMIZATION_LEVEL = 0;
				GCC_PREPROCESSOR_DEFINITIONS = (
					"DEBUG=1",
					"$(inherited)",
				);
				GCC_WARN_64_TO_32_BIT_CONVERSION = YES;
				GCC_WARN_ABOUT_RETURN_TYPE = YES_ERROR;
				GCC_WARN_UNDECLARED_SELECTOR = YES;
				GCC_WARN_UNINITIALIZED_AUTOS = YES_AGGRESSIVE;
				GCC_WARN_UNUSED_FUNCTION = YES;
				GCC_WARN_UNUSED_VARIABLE = YES;
				IPHONEOS_DEPLOYMENT_TARGET = 14.0;
				MTL_ENABLE_DEBUG_INFO = INCLUDE_SOURCE;
				MTL_FAST_MATH = YES;
				ONLY_ACTIVE_ARCH = YES;
				SDKROOT = iphoneos;
				SWIFT_ACTIVE_COMPILATION_CONDITIONS = DEBUG;
				SWIFT_OPTIMIZATION_LEVEL = "-Onone";
			};
			name = Debug;
		};
		8446525725597A98008F462D /* Release */ = {
			isa = XCBuildConfiguration;
			buildSettings = {
				ALWAYS_SEARCH_USER_PATHS = NO;
				CLANG_ANALYZER_NONNULL = YES;
				CLANG_ANALYZER_NUMBER_OBJECT_CONVERSION = YES_AGGRESSIVE;
				CLANG_CXX_LANGUAGE_STANDARD = "gnu++14";
				CLANG_CXX_LIBRARY = "libc++";
				CLANG_ENABLE_MODULES = YES;
				CLANG_ENABLE_OBJC_ARC = YES;
				CLANG_ENABLE_OBJC_WEAK = YES;
				CLANG_WARN_BLOCK_CAPTURE_AUTORELEASING = YES;
				CLANG_WARN_BOOL_CONVERSION = YES;
				CLANG_WARN_COMMA = YES;
				CLANG_WARN_CONSTANT_CONVERSION = YES;
				CLANG_WARN_DEPRECATED_OBJC_IMPLEMENTATIONS = YES;
				CLANG_WARN_DIRECT_OBJC_ISA_USAGE = YES_ERROR;
				CLANG_WARN_DOCUMENTATION_COMMENTS = YES;
				CLANG_WARN_EMPTY_BODY = YES;
				CLANG_WARN_ENUM_CONVERSION = YES;
				CLANG_WARN_INFINITE_RECURSION = YES;
				CLANG_WARN_INT_CONVERSION = YES;
				CLANG_WARN_NON_LITERAL_NULL_CONVERSION = YES;
				CLANG_WARN_OBJC_IMPLICIT_RETAIN_SELF = YES;
				CLANG_WARN_OBJC_LITERAL_CONVERSION = YES;
				CLANG_WARN_OBJC_ROOT_CLASS = YES_ERROR;
				CLANG_WARN_QUOTED_INCLUDE_IN_FRAMEWORK_HEADER = YES;
				CLANG_WARN_RANGE_LOOP_ANALYSIS = YES;
				CLANG_WARN_STRICT_PROTOTYPES = YES;
				CLANG_WARN_SUSPICIOUS_MOVE = YES;
				CLANG_WARN_UNGUARDED_AVAILABILITY = YES_AGGRESSIVE;
				CLANG_WARN_UNREACHABLE_CODE = YES;
				CLANG_WARN__DUPLICATE_METHOD_MATCH = YES;
				COPY_PHASE_STRIP = NO;
				DEBUG_INFORMATION_FORMAT = "dwarf-with-dsym";
				ENABLE_NS_ASSERTIONS = NO;
				ENABLE_STRICT_OBJC_MSGSEND = YES;
				GCC_C_LANGUAGE_STANDARD = gnu11;
				GCC_NO_COMMON_BLOCKS = YES;
				GCC_WARN_64_TO_32_BIT_CONVERSION = YES;
				GCC_WARN_ABOUT_RETURN_TYPE = YES_ERROR;
				GCC_WARN_UNDECLARED_SELECTOR = YES;
				GCC_WARN_UNINITIALIZED_AUTOS = YES_AGGRESSIVE;
				GCC_WARN_UNUSED_FUNCTION = YES;
				GCC_WARN_UNUSED_VARIABLE = YES;
				IPHONEOS_DEPLOYMENT_TARGET = 14.0;
				MTL_ENABLE_DEBUG_INFO = NO;
				MTL_FAST_MATH = YES;
				SDKROOT = iphoneos;
				SWIFT_COMPILATION_MODE = wholemodule;
				SWIFT_OPTIMIZATION_LEVEL = "-O";
				VALIDATE_PRODUCT = YES;
			};
			name = Release;
		};
		8446525925597A98008F462D /* Debug */ = {
			isa = XCBuildConfiguration;
			buildSettings = {
				ASSETCATALOG_COMPILER_APPICON_NAME = AppIcon;
				ASSETCATALOG_COMPILER_GLOBAL_ACCENT_COLOR_NAME = AccentColor;
				CODE_SIGN_STYLE = Automatic;
				DEVELOPMENT_ASSET_PATHS = "\"TravelApp/Preview Content\"";
				DEVELOPMENT_TEAM = 3EYUW49QFV;
				ENABLE_PREVIEWS = YES;
				INFOPLIST_FILE = TravelApp/Info.plist;
				IPHONEOS_DEPLOYMENT_TARGET = 14.0;
				LD_RUNPATH_SEARCH_PATHS = (
					"$(inherited)",
					"@executable_path/Frameworks",
				);
				PRODUCT_BUNDLE_IDENTIFIER = com.a7studio.TravelApp;
				PRODUCT_NAME = "$(TARGET_NAME)";
				SWIFT_VERSION = 5.0;
				TARGETED_DEVICE_FAMILY = "1,2";
			};
			name = Debug;
		};
		8446525A25597A98008F462D /* Release */ = {
			isa = XCBuildConfiguration;
			buildSettings = {
				ASSETCATALOG_COMPILER_APPICON_NAME = AppIcon;
				ASSETCATALOG_COMPILER_GLOBAL_ACCENT_COLOR_NAME = AccentColor;
				CODE_SIGN_STYLE = Automatic;
				DEVELOPMENT_ASSET_PATHS = "\"TravelApp/Preview Content\"";
				DEVELOPMENT_TEAM = 3EYUW49QFV;
				ENABLE_PREVIEWS = YES;
				INFOPLIST_FILE = TravelApp/Info.plist;
				IPHONEOS_DEPLOYMENT_TARGET = 14.0;
				LD_RUNPATH_SEARCH_PATHS = (
					"$(inherited)",
					"@executable_path/Frameworks",
				);
				PRODUCT_BUNDLE_IDENTIFIER = com.a7studio.TravelApp;
				PRODUCT_NAME = "$(TARGET_NAME)";
				SWIFT_VERSION = 5.0;
				TARGETED_DEVICE_FAMILY = "1,2";
			};
			name = Release;
		};
/* End XCBuildConfiguration section */

/* Begin XCConfigurationList section */
		8446524425597A95008F462D /* Build configuration list for PBXProject "TravelApp" */ = {
			isa = XCConfigurationList;
			buildConfigurations = (
				8446525625597A98008F462D /* Debug */,
				8446525725597A98008F462D /* Release */,
			);
			defaultConfigurationIsVisible = 0;
			defaultConfigurationName = Release;
		};
		8446525825597A98008F462D /* Build configuration list for PBXNativeTarget "TravelApp" */ = {
			isa = XCConfigurationList;
			buildConfigurations = (
				8446525925597A98008F462D /* Debug */,
				8446525A25597A98008F462D /* Release */,
			);
			defaultConfigurationIsVisible = 0;
			defaultConfigurationName = Release;
		};
/* End XCConfigurationList section */
	};
	rootObject = 8446524125597A95008F462D /* Project object */;
}
